
Microsoft Visual Studio Solution File, Format Version 12.00
# Visual Studio Version 16
VisualStudioVersion = 16.0.32106.194
MinimumVisualStudioVersion = 10.0.40219.1
Project("{FAE04EC0-301F-11D3-BF4B-00C04F79EFBC}") = "NorthwindExample.Core", "NorthwindExample.Core\NorthwindExample.Core.csproj", "{A955EAE7-6BE8-41FE-9B6B-860CC1AE3B34}"
EndProject
Project("{FAE04EC0-301F-11D3-BF4B-00C04F79EFBC}") = "NorthwindExample.Enties", "NorthwindExample.Enties\NorthwindExample.Enties.csproj", "{5E30DE3C-561A-4CC9-AEF3-D383E5C899B8}"
EndProject
Project("{FAE04EC0-301F-11D3-BF4B-00C04F79EFBC}") = "NorthwindExample.DataAccess", "NorthwindExample.DataAccess\NorthwindExample.DataAccess.csproj", "{CCA422F8-B6EB-4089-A049-661C3EDB0F46}"
EndProject
Project("{FAE04EC0-301F-11D3-BF4B-00C04F79EFBC}") = "NorthwindExample.Business", "NorthwindExample.Business\NorthwindExample.Business.csproj", "{82A2C681-854A-4487-BAA9-F34A316B721B}"
EndProject
Project("{FAE04EC0-301F-11D3-BF4B-00C04F79EFBC}") = "NorthwindExample.WebUI", "NorthwindExample.WebUI\NorthwindExample.WebUI.csproj", "{5F5C85D5-105F-4087-B957-F69430E1FB7D}"
EndProject
Project("{FAE04EC0-301F-11D3-BF4B-00C04F79EFBC}") = "NorthwindExample.Api", "NorthwindExample.Api\NorthwindExample.Api.csproj", "{D82FDE5C-489C-4113-9A8A-BEF88F649064}"
EndProject
Global
	GlobalSection(SolutionConfigurationPlatforms) = preSolution
		Debug|Any CPU = Debug|Any CPU
		Release|Any CPU = Release|Any CPU
	EndGlobalSection
	GlobalSection(ProjectConfigurationPlatforms) = postSolution
		{A955EAE7-6BE8-41FE-9B6B-860CC1AE3B34}.Debug|Any CPU.ActiveCfg = Debug|Any CPU
		{A955EAE7-6BE8-41FE-9B6B-860CC1AE3B34}.Debug|Any CPU.Build.0 = Debug|Any CPU
		{A955EAE7-6BE8-41FE-9B6B-860CC1AE3B34}.Release|Any CPU.ActiveCfg = Release|Any CPU
		{A955EAE7-6BE8-41FE-9B6B-860CC1AE3B34}.Release|Any CPU.Build.0 = Release|Any CPU
		{5E30DE3C-561A-4CC9-AEF3-D383E5C899B8}.Debug|Any CPU.ActiveCfg = Debug|Any CPU
		{5E30DE3C-561A-4CC9-AEF3-D383E5C899B8}.Debug|Any CPU.Build.0 = Debug|Any CPU
		{5E30DE3C-561A-4CC9-AEF3-D383E5C899B8}.Release|Any CPU.ActiveCfg = Release|Any CPU
		{5E30DE3C-561A-4CC9-AEF3-D383E5C899B8}.Release|Any CPU.Build.0 = Release|Any CPU
		{CCA422F8-B6EB-4089-A049-661C3EDB0F46}.Debug|Any CPU.ActiveCfg = Debug|Any CPU
		{CCA422F8-B6EB-4089-A049-661C3EDB0F46}.Debug|Any CPU.Build.0 = Debug|Any CPU
		{CCA422F8-B6EB-4089-A049-661C3EDB0F46}.Release|Any CPU.ActiveCfg = Release|Any CPU
		{CCA422F8-B6EB-4089-A049-661C3EDB0F46}.Release|Any CPU.Build.0 = Release|Any CPU
		{82A2C681-854A-4487-BAA9-F34A316B721B}.Debug|Any CPU.ActiveCfg = Debug|Any CPU
		{82A2C681-854A-4487-BAA9-F34A316B721B}.Debug|Any CPU.Build.0 = Debug|Any CPU
		{82A2C681-854A-4487-BAA9-F34A316B721B}.Release|Any CPU.ActiveCfg = Release|Any CPU
		{82A2C681-854A-4487-BAA9-F34A316B721B}.Release|Any CPU.Build.0 = Release|Any CPU
		{5F5C85D5-105F-4087-B957-F69430E1FB7D}.Debug|Any CPU.ActiveCfg = Debug|Any CPU
		{5F5C85D5-105F-4087-B957-F69430E1FB7D}.Debug|Any CPU.Build.0 = Debug|Any CPU
		{5F5C85D5-105F-4087-B957-F69430E1FB7D}.Release|Any CPU.ActiveCfg = Release|Any CPU
		{5F5C85D5-105F-4087-B957-F69430E1FB7D}.Release|Any CPU.Build.0 = Release|Any CPU
		{D82FDE5C-489C-4113-9A8A-BEF88F649064}.Debug|Any CPU.ActiveCfg = Debug|Any CPU
		{D82FDE5C-489C-4113-9A8A-BEF88F649064}.Debug|Any CPU.Build.0 = Debug|Any CPU
		{D82FDE5C-489C-4113-9A8A-BEF88F649064}.Release|Any CPU.ActiveCfg = Release|Any CPU
		{D82FDE5C-489C-4113-9A8A-BEF88F649064}.Release|Any CPU.Build.0 = Release|Any CPU
	EndGlobalSection
	GlobalSection(SolutionProperties) = preSolution
		HideSolutionNode = FALSE
	EndGlobalSection
	GlobalSection(ExtensibilityGlobals) = postSolution
		SolutionGuid = {EDD632C4-6B62-4467-8F91-68E42F8BA92D}
	EndGlobalSection
EndGlobal
